// !$*UTF8*$!
{
	archiveVersion = 1;
	classes = {
	};
	objectVersion = 46;
	objects = {

/* Begin PBXBuildFile section */
		094FB263BE5CF16444FF6506 /* Pods_HitchARide.framework in Frameworks */ = {isa = PBXBuildFile; fileRef = 53438E22A376F915E5C30634 /* Pods_HitchARide.framework */; };
		5816B5F11F1816E100C36B1F /* RoundedImageView.swift in Sources */ = {isa = PBXBuildFile; fileRef = 5816B5F01F1816E100C36B1F /* RoundedImageView.swift */; };
		581834611F1B1E630018364D /* RoundedShadowView.swift in Sources */ = {isa = PBXBuildFile; fileRef = 581834601F1B1E630018364D /* RoundedShadowView.swift */; };
		581834631F1B203B0018364D /* CircleButtonView.swift in Sources */ = {isa = PBXBuildFile; fileRef = 581834621F1B203B0018364D /* CircleButtonView.swift */; };
		581834651F1B26EF0018364D /* RoundedShadowButton.swift in Sources */ = {isa = PBXBuildFile; fileRef = 581834641F1B26EF0018364D /* RoundedShadowButton.swift */; };
		5899A1371EED0D07003D42E6 /* AppDelegate.swift in Sources */ = {isa = PBXBuildFile; fileRef = 5899A1361EED0D07003D42E6 /* AppDelegate.swift */; };
		5899A1391EED0D07003D42E6 /* ViewController.swift in Sources */ = {isa = PBXBuildFile; fileRef = 5899A1381EED0D07003D42E6 /* ViewController.swift */; };
		5899A13C1EED0D07003D42E6 /* Main.storyboard in Resources */ = {isa = PBXBuildFile; fileRef = 5899A13A1EED0D07003D42E6 /* Main.storyboard */; };
		5899A13E1EED0D07003D42E6 /* Assets.xcassets in Resources */ = {isa = PBXBuildFile; fileRef = 5899A13D1EED0D07003D42E6 /* Assets.xcassets */; };
		5899A1411EED0D07003D42E6 /* LaunchScreen.storyboard in Resources */ = {isa = PBXBuildFile; fileRef = 5899A13F1EED0D07003D42E6 /* LaunchScreen.storyboard */; };
		5899A14C1EED0D07003D42E6 /* HitchARideTests.swift in Sources */ = {isa = PBXBuildFile; fileRef = 5899A14B1EED0D07003D42E6 /* HitchARideTests.swift */; };
		5899A1571EED0D07003D42E6 /* HitchARideUITests.swift in Sources */ = {isa = PBXBuildFile; fileRef = 5899A1561EED0D07003D42E6 /* HitchARideUITests.swift */; };
		58A119691F1312C400D20D7A /* GradientView.swift in Sources */ = {isa = PBXBuildFile; fileRef = 58A119681F1312C400D20D7A /* GradientView.swift */; };
		58AF52B11EEDF56E007BD85B /* MapKit.framework in Frameworks */ = {isa = PBXBuildFile; fileRef = 58AF52B01EEDF56E007BD85B /* MapKit.framework */; };
		C0BA69D39F1241A70162BDA4 /* Pods_HitchARideTests.framework in Frameworks */ = {isa = PBXBuildFile; fileRef = 540D82A771441B014E4282BD /* Pods_HitchARideTests.framework */; };
		D21629B6D0A8D7892D5163DB /* Pods_HitchARideUITests.framework in Frameworks */ = {isa = PBXBuildFile; fileRef = 7C0F892063CDE37C0706081A /* Pods_HitchARideUITests.framework */; };
/* End PBXBuildFile section */

/* Begin PBXContainerItemProxy section */
		5899A1481EED0D07003D42E6 /* PBXContainerItemProxy */ = {
			isa = PBXContainerItemProxy;
			containerPortal = 5899A12B1EED0D07003D42E6 /* Project object */;
			proxyType = 1;
			remoteGlobalIDString = 5899A1321EED0D07003D42E6;
			remoteInfo = HitchARide;
		};
		5899A1531EED0D07003D42E6 /* PBXContainerItemProxy */ = {
			isa = PBXContainerItemProxy;
			containerPortal = 5899A12B1EED0D07003D42E6 /* Project object */;
			proxyType = 1;
			remoteGlobalIDString = 5899A1321EED0D07003D42E6;
			remoteInfo = HitchARide;
		};
/* End PBXContainerItemProxy section */

/* Begin PBXFileReference section */
		1EAAA6B75DC00F3ECE579587 /* Pods-HitchARide.debug.xcconfig */ = {isa = PBXFileReference; includeInIndex = 1; lastKnownFileType = text.xcconfig; name = "Pods-HitchARide.debug.xcconfig"; path = "Pods/Target Support Files/Pods-HitchARide/Pods-HitchARide.debug.xcconfig"; sourceTree = "<group>"; };
		3975739610D22F84068A6B92 /* Pods-HitchARideTests.release.xcconfig */ = {isa = PBXFileReference; includeInIndex = 1; lastKnownFileType = text.xcconfig; name = "Pods-HitchARideTests.release.xcconfig"; path = "Pods/Target Support Files/Pods-HitchARideTests/Pods-HitchARideTests.release.xcconfig"; sourceTree = "<group>"; };
		53438E22A376F915E5C30634 /* Pods_HitchARide.framework */ = {isa = PBXFileReference; explicitFileType = wrapper.framework; includeInIndex = 0; path = Pods_HitchARide.framework; sourceTree = BUILT_PRODUCTS_DIR; };
		540D82A771441B014E4282BD /* Pods_HitchARideTests.framework */ = {isa = PBXFileReference; explicitFileType = wrapper.framework; includeInIndex = 0; path = Pods_HitchARideTests.framework; sourceTree = BUILT_PRODUCTS_DIR; };
		5816B5F01F1816E100C36B1F /* RoundedImageView.swift */ = {isa = PBXFileReference; fileEncoding = 4; lastKnownFileType = sourcecode.swift; path = RoundedImageView.swift; sourceTree = "<group>"; };
		581834601F1B1E630018364D /* RoundedShadowView.swift */ = {isa = PBXFileReference; fileEncoding = 4; lastKnownFileType = sourcecode.swift; path = RoundedShadowView.swift; sourceTree = "<group>"; };
		581834621F1B203B0018364D /* CircleButtonView.swift */ = {isa = PBXFileReference; fileEncoding = 4; lastKnownFileType = sourcecode.swift; path = CircleButtonView.swift; sourceTree = "<group>"; };
		581834641F1B26EF0018364D /* RoundedShadowButton.swift */ = {isa = PBXFileReference; fileEncoding = 4; lastKnownFileType = sourcecode.swift; path = RoundedShadowButton.swift; sourceTree = "<group>"; };
		5864065239B5D4E44D6D0BC6 /* Pods-HitchARide.release.xcconfig */ = {isa = PBXFileReference; includeInIndex = 1; lastKnownFileType = text.xcconfig; name = "Pods-HitchARide.release.xcconfig"; path = "Pods/Target Support Files/Pods-HitchARide/Pods-HitchARide.release.xcconfig"; sourceTree = "<group>"; };
		5899A1331EED0D07003D42E6 /* HitchARide.app */ = {isa = PBXFileReference; explicitFileType = wrapper.application; includeInIndex = 0; path = HitchARide.app; sourceTree = BUILT_PRODUCTS_DIR; };
		5899A1361EED0D07003D42E6 /* AppDelegate.swift */ = {isa = PBXFileReference; lastKnownFileType = sourcecode.swift; path = AppDelegate.swift; sourceTree = "<group>"; };
		5899A1381EED0D07003D42E6 /* ViewController.swift */ = {isa = PBXFileReference; lastKnownFileType = sourcecode.swift; path = ViewController.swift; sourceTree = "<group>"; };
		5899A13B1EED0D07003D42E6 /* Base */ = {isa = PBXFileReference; lastKnownFileType = file.storyboard; name = Base; path = Base.lproj/Main.storyboard; sourceTree = "<group>"; };
		5899A13D1EED0D07003D42E6 /* Assets.xcassets */ = {isa = PBXFileReference; lastKnownFileType = folder.assetcatalog; path = Assets.xcassets; sourceTree = "<group>"; };
		5899A1401EED0D07003D42E6 /* Base */ = {isa = PBXFileReference; lastKnownFileType = file.storyboard; name = Base; path = Base.lproj/LaunchScreen.storyboard; sourceTree = "<group>"; };
		5899A1421EED0D07003D42E6 /* Info.plist */ = {isa = PBXFileReference; lastKnownFileType = text.plist.xml; path = Info.plist; sourceTree = "<group>"; };
		5899A1471EED0D07003D42E6 /* HitchARideTests.xctest */ = {isa = PBXFileReference; explicitFileType = wrapper.cfbundle; includeInIndex = 0; path = HitchARideTests.xctest; sourceTree = BUILT_PRODUCTS_DIR; };
		5899A14B1EED0D07003D42E6 /* HitchARideTests.swift */ = {isa = PBXFileReference; lastKnownFileType = sourcecode.swift; path = HitchARideTests.swift; sourceTree = "<group>"; };
		5899A14D1EED0D07003D42E6 /* Info.plist */ = {isa = PBXFileReference; lastKnownFileType = text.plist.xml; path = Info.plist; sourceTree = "<group>"; };
		5899A1521EED0D07003D42E6 /* HitchARideUITests.xctest */ = {isa = PBXFileReference; explicitFileType = wrapper.cfbundle; includeInIndex = 0; path = HitchARideUITests.xctest; sourceTree = BUILT_PRODUCTS_DIR; };
		5899A1561EED0D07003D42E6 /* HitchARideUITests.swift */ = {isa = PBXFileReference; lastKnownFileType = sourcecode.swift; path = HitchARideUITests.swift; sourceTree = "<group>"; };
		5899A1581EED0D07003D42E6 /* Info.plist */ = {isa = PBXFileReference; lastKnownFileType = text.plist.xml; path = Info.plist; sourceTree = "<group>"; };
		58A119681F1312C400D20D7A /* GradientView.swift */ = {isa = PBXFileReference; fileEncoding = 4; lastKnownFileType = sourcecode.swift; path = GradientView.swift; sourceTree = "<group>"; };
		58AF52B01EEDF56E007BD85B /* MapKit.framework */ = {isa = PBXFileReference; lastKnownFileType = wrapper.framework; name = MapKit.framework; path = System/Library/Frameworks/MapKit.framework; sourceTree = SDKROOT; };
		7C0F892063CDE37C0706081A /* Pods_HitchARideUITests.framework */ = {isa = PBXFileReference; explicitFileType = wrapper.framework; includeInIndex = 0; path = Pods_HitchARideUITests.framework; sourceTree = BUILT_PRODUCTS_DIR; };
		8C00C938188CDD9EED090FEE /* Pods-HitchARideUITests.release.xcconfig */ = {isa = PBXFileReference; includeInIndex = 1; lastKnownFileType = text.xcconfig; name = "Pods-HitchARideUITests.release.xcconfig"; path = "Pods/Target Support Files/Pods-HitchARideUITests/Pods-HitchARideUITests.release.xcconfig"; sourceTree = "<group>"; };
		9D0BBA9EFD858FB12A024553 /* Pods-HitchARideTests.debug.xcconfig */ = {isa = PBXFileReference; includeInIndex = 1; lastKnownFileType = text.xcconfig; name = "Pods-HitchARideTests.debug.xcconfig"; path = "Pods/Target Support Files/Pods-HitchARideTests/Pods-HitchARideTests.debug.xcconfig"; sourceTree = "<group>"; };
		FCE25DEB0394056C17B0511C /* Pods-HitchARideUITests.debug.xcconfig */ = {isa = PBXFileReference; includeInIndex = 1; lastKnownFileType = text.xcconfig; name = "Pods-HitchARideUITests.debug.xcconfig"; path = "Pods/Target Support Files/Pods-HitchARideUITests/Pods-HitchARideUITests.debug.xcconfig"; sourceTree = "<group>"; };
/* End PBXFileReference section */

/* Begin PBXFrameworksBuildPhase section */
		5899A1301EED0D07003D42E6 /* Frameworks */ = {
			isa = PBXFrameworksBuildPhase;
			buildActionMask = 2147483647;
			files = (
				58AF52B11EEDF56E007BD85B /* MapKit.framework in Frameworks */,
				094FB263BE5CF16444FF6506 /* Pods_HitchARide.framework in Frameworks */,
			);
			runOnlyForDeploymentPostprocessing = 0;
		};
		5899A1441EED0D07003D42E6 /* Frameworks */ = {
			isa = PBXFrameworksBuildPhase;
			buildActionMask = 2147483647;
			files = (
				C0BA69D39F1241A70162BDA4 /* Pods_HitchARideTests.framework in Frameworks */,
			);
			runOnlyForDeploymentPostprocessing = 0;
		};
		5899A14F1EED0D07003D42E6 /* Frameworks */ = {
			isa = PBXFrameworksBuildPhase;
			buildActionMask = 2147483647;
			files = (
				D21629B6D0A8D7892D5163DB /* Pods_HitchARideUITests.framework in Frameworks */,
			);
			runOnlyForDeploymentPostprocessing = 0;
		};
/* End PBXFrameworksBuildPhase section */

/* Begin PBXGroup section */
		450F014BB5A6DDCC257E812C /* Pods */ = {
			isa = PBXGroup;
			children = (
				1EAAA6B75DC00F3ECE579587 /* Pods-HitchARide.debug.xcconfig */,
				5864065239B5D4E44D6D0BC6 /* Pods-HitchARide.release.xcconfig */,
				9D0BBA9EFD858FB12A024553 /* Pods-HitchARideTests.debug.xcconfig */,
				3975739610D22F84068A6B92 /* Pods-HitchARideTests.release.xcconfig */,
				FCE25DEB0394056C17B0511C /* Pods-HitchARideUITests.debug.xcconfig */,
				8C00C938188CDD9EED090FEE /* Pods-HitchARideUITests.release.xcconfig */,
			);
			name = Pods;
			sourceTree = "<group>";
		};
		5899A12A1EED0D07003D42E6 = {
			isa = PBXGroup;
			children = (
				5899A1351EED0D07003D42E6 /* HitchARide */,
				5899A14A1EED0D07003D42E6 /* HitchARideTests */,
				5899A1551EED0D07003D42E6 /* HitchARideUITests */,
				5899A1341EED0D07003D42E6 /* Products */,
				450F014BB5A6DDCC257E812C /* Pods */,
				C0AFF81D19C8BE276B4F85A0 /* Frameworks */,
			);
			sourceTree = "<group>";
		};
		5899A1341EED0D07003D42E6 /* Products */ = {
			isa = PBXGroup;
			children = (
				5899A1331EED0D07003D42E6 /* HitchARide.app */,
				5899A1471EED0D07003D42E6 /* HitchARideTests.xctest */,
				5899A1521EED0D07003D42E6 /* HitchARideUITests.xctest */,
			);
			name = Products;
			sourceTree = "<group>";
		};
		5899A1351EED0D07003D42E6 /* HitchARide */ = {
			isa = PBXGroup;
			children = (
				58A119651F13126400D20D7A /* Model */,
				58A119661F13126C00D20D7A /* View */,
				58A119671F13127400D20D7A /* Controller */,
				5899A1361EED0D07003D42E6 /* AppDelegate.swift */,
				5899A1381EED0D07003D42E6 /* ViewController.swift */,
				5899A13A1EED0D07003D42E6 /* Main.storyboard */,
				5899A13D1EED0D07003D42E6 /* Assets.xcassets */,
				5899A13F1EED0D07003D42E6 /* LaunchScreen.storyboard */,
				5899A1421EED0D07003D42E6 /* Info.plist */,
			);
			path = HitchARide;
			sourceTree = "<group>";
		};
		5899A14A1EED0D07003D42E6 /* HitchARideTests */ = {
			isa = PBXGroup;
			children = (
				5899A14B1EED0D07003D42E6 /* HitchARideTests.swift */,
				5899A14D1EED0D07003D42E6 /* Info.plist */,
			);
			path = HitchARideTests;
			sourceTree = "<group>";
		};
		5899A1551EED0D07003D42E6 /* HitchARideUITests */ = {
			isa = PBXGroup;
			children = (
				5899A1561EED0D07003D42E6 /* HitchARideUITests.swift */,
				5899A1581EED0D07003D42E6 /* Info.plist */,
			);
			path = HitchARideUITests;
			sourceTree = "<group>";
		};
		58A119651F13126400D20D7A /* Model */ = {
			isa = PBXGroup;
			children = (
			);
			name = Model;
			sourceTree = "<group>";
		};
		58A119661F13126C00D20D7A /* View */ = {
			isa = PBXGroup;
			children = (
				58A119681F1312C400D20D7A /* GradientView.swift */,
				5816B5F01F1816E100C36B1F /* RoundedImageView.swift */,
				581834601F1B1E630018364D /* RoundedShadowView.swift */,
				581834621F1B203B0018364D /* CircleButtonView.swift */,
				581834641F1B26EF0018364D /* RoundedShadowButton.swift */,
			);
			name = View;
			sourceTree = "<group>";
		};
		58A119671F13127400D20D7A /* Controller */ = {
			isa = PBXGroup;
			children = (
			);
			name = Controller;
			sourceTree = "<group>";
		};
		C0AFF81D19C8BE276B4F85A0 /* Frameworks */ = {
			isa = PBXGroup;
			children = (
				58AF52B01EEDF56E007BD85B /* MapKit.framework */,
				53438E22A376F915E5C30634 /* Pods_HitchARide.framework */,
				540D82A771441B014E4282BD /* Pods_HitchARideTests.framework */,
				7C0F892063CDE37C0706081A /* Pods_HitchARideUITests.framework */,
			);
			name = Frameworks;
			sourceTree = "<group>";
		};
/* End PBXGroup section */

/* Begin PBXNativeTarget section */
		5899A1321EED0D07003D42E6 /* HitchARide */ = {
			isa = PBXNativeTarget;
			buildConfigurationList = 5899A15B1EED0D07003D42E6 /* Build configuration list for PBXNativeTarget "HitchARide" */;
			buildPhases = (
				063DB3F02AA085451EE6BAE1 /* [CP] Check Pods Manifest.lock */,
				5899A12F1EED0D07003D42E6 /* Sources */,
				5899A1301EED0D07003D42E6 /* Frameworks */,
				5899A1311EED0D07003D42E6 /* Resources */,
				FEEC2993CF5EF25DB007C3A2 /* [CP] Embed Pods Frameworks */,
				8344C2DD2C49FD3CC443F6E7 /* [CP] Copy Pods Resources */,
			);
			buildRules = (
			);
			dependencies = (
			);
			name = HitchARide;
			productName = HitchARide;
			productReference = 5899A1331EED0D07003D42E6 /* HitchARide.app */;
			productType = "com.apple.product-type.application";
		};
		5899A1461EED0D07003D42E6 /* HitchARideTests */ = {
			isa = PBXNativeTarget;
			buildConfigurationList = 5899A15E1EED0D07003D42E6 /* Build configuration list for PBXNativeTarget "HitchARideTests" */;
			buildPhases = (
				6910EE0403792089C7133FEC /* [CP] Check Pods Manifest.lock */,
				5899A1431EED0D07003D42E6 /* Sources */,
				5899A1441EED0D07003D42E6 /* Frameworks */,
				5899A1451EED0D07003D42E6 /* Resources */,
				561A20CF057DB07635B3E3E7 /* [CP] Embed Pods Frameworks */,
				1F09E31618E9D824DF5640BC /* [CP] Copy Pods Resources */,
			);
			buildRules = (
			);
			dependencies = (
				5899A1491EED0D07003D42E6 /* PBXTargetDependency */,
			);
			name = HitchARideTests;
			productName = HitchARideTests;
			productReference = 5899A1471EED0D07003D42E6 /* HitchARideTests.xctest */;
			productType = "com.apple.product-type.bundle.unit-test";
		};
		5899A1511EED0D07003D42E6 /* HitchARideUITests */ = {
			isa = PBXNativeTarget;
			buildConfigurationList = 5899A1611EED0D07003D42E6 /* Build configuration list for PBXNativeTarget "HitchARideUITests" */;
			buildPhases = (
				A630A1A83B79AC7EA9ACD1AB /* [CP] Check Pods Manifest.lock */,
				5899A14E1EED0D07003D42E6 /* Sources */,
				5899A14F1EED0D07003D42E6 /* Frameworks */,
				5899A1501EED0D07003D42E6 /* Resources */,
				B32879C109CC2D51DD562531 /* [CP] Copy Pods Resources */,
			);
			buildRules = (
			);
			dependencies = (
				5899A1541EED0D07003D42E6 /* PBXTargetDependency */,
			);
			name = HitchARideUITests;
			productName = HitchARideUITests;
			productReference = 5899A1521EED0D07003D42E6 /* HitchARideUITests.xctest */;
			productType = "com.apple.product-type.bundle.ui-testing";
		};
/* End PBXNativeTarget section */

/* Begin PBXProject section */
		5899A12B1EED0D07003D42E6 /* Project object */ = {
			isa = PBXProject;
			attributes = {
				LastSwiftUpdateCheck = 0830;
				LastUpgradeCheck = 0830;
				ORGANIZATIONNAME = "MICK SOUMPHONPHAKDY";
				TargetAttributes = {
					5899A1321EED0D07003D42E6 = {
						CreatedOnToolsVersion = 8.3.2;
						DevelopmentTeam = 5VMLLR4272;
						LastSwiftMigration = 0830;
						ProvisioningStyle = Automatic;
						SystemCapabilities = {
							com.apple.Maps.iOS = {
								enabled = 1;
							};
						};
					};
					5899A1461EED0D07003D42E6 = {
						CreatedOnToolsVersion = 8.3.2;
						DevelopmentTeam = 5VMLLR4272;
						LastSwiftMigration = 0830;
						ProvisioningStyle = Automatic;
						TestTargetID = 5899A1321EED0D07003D42E6;
					};
					5899A1511EED0D07003D42E6 = {
						CreatedOnToolsVersion = 8.3.2;
						DevelopmentTeam = 5VMLLR4272;
						LastSwiftMigration = 0830;
						ProvisioningStyle = Automatic;
						TestTargetID = 5899A1321EED0D07003D42E6;
					};
				};
			};
			buildConfigurationList = 5899A12E1EED0D07003D42E6 /* Build configuration list for PBXProject "HitchARide" */;
			compatibilityVersion = "Xcode 3.2";
			developmentRegion = English;
			hasScannedForEncodings = 0;
			knownRegions = (
				en,
				Base,
			);
			mainGroup = 5899A12A1EED0D07003D42E6;
			productRefGroup = 5899A1341EED0D07003D42E6 /* Products */;
			projectDirPath = "";
			projectRoot = "";
			targets = (
				5899A1321EED0D07003D42E6 /* HitchARide */,
				5899A1461EED0D07003D42E6 /* HitchARideTests */,
				5899A1511EED0D07003D42E6 /* HitchARideUITests */,
			);
		};
/* End PBXProject section */

/* Begin PBXResourcesBuildPhase section */
		5899A1311EED0D07003D42E6 /* Resources */ = {
			isa = PBXResourcesBuildPhase;
			buildActionMask = 2147483647;
			files = (
				5899A1411EED0D07003D42E6 /* LaunchScreen.storyboard in Resources */,
				5899A13E1EED0D07003D42E6 /* Assets.xcassets in Resources */,
				5899A13C1EED0D07003D42E6 /* Main.storyboard in Resources */,
			);
			runOnlyForDeploymentPostprocessing = 0;
		};
		5899A1451EED0D07003D42E6 /* Resources */ = {
			isa = PBXResourcesBuildPhase;
			buildActionMask = 2147483647;
			files = (
			);
			runOnlyForDeploymentPostprocessing = 0;
		};
		5899A1501EED0D07003D42E6 /* Resources */ = {
			isa = PBXResourcesBuildPhase;
			buildActionMask = 2147483647;
			files = (
			);
			runOnlyForDeploymentPostprocessing = 0;
		};
/* End PBXResourcesBuildPhase section */

/* Begin PBXShellScriptBuildPhase section */
		063DB3F02AA085451EE6BAE1 /* [CP] Check Pods Manifest.lock */ = {
			isa = PBXShellScriptBuildPhase;
			buildActionMask = 2147483647;
			files = (
			);
			inputPaths = (
			);
			name = "[CP] Check Pods Manifest.lock";
			outputPaths = (
			);
			runOnlyForDeploymentPostprocessing = 0;
			shellPath = /bin/sh;
			shellScript = "diff \"${PODS_ROOT}/../Podfile.lock\" \"${PODS_ROOT}/Manifest.lock\" > /dev/null\nif [[ $? != 0 ]] ; then\n    cat << EOM\nerror: The sandbox is not in sync with the Podfile.lock. Run 'pod install' or update your CocoaPods installation.\nEOM\n    exit 1\nfi\n";
			showEnvVarsInLog = 0;
		};
		1F09E31618E9D824DF5640BC /* [CP] Copy Pods Resources */ = {
			isa = PBXShellScriptBuildPhase;
			buildActionMask = 2147483647;
			files = (
			);
			inputPaths = (
			);
			name = "[CP] Copy Pods Resources";
			outputPaths = (
			);
			runOnlyForDeploymentPostprocessing = 0;
			shellPath = /bin/sh;
			shellScript = "\"${SRCROOT}/Pods/Target Support Files/Pods-HitchARideTests/Pods-HitchARideTests-resources.sh\"\n";
			showEnvVarsInLog = 0;
		};
		561A20CF057DB07635B3E3E7 /* [CP] Embed Pods Frameworks */ = {
			isa = PBXShellScriptBuildPhase;
			buildActionMask = 2147483647;
			files = (
			);
			inputPaths = (
			);
			name = "[CP] Embed Pods Frameworks";
			outputPaths = (
			);
			runOnlyForDeploymentPostprocessing = 0;
			shellPath = /bin/sh;
			shellScript = "\"${SRCROOT}/Pods/Target Support Files/Pods-HitchARideTests/Pods-HitchARideTests-frameworks.sh\"\n";
			showEnvVarsInLog = 0;
		};
		6910EE0403792089C7133FEC /* [CP] Check Pods Manifest.lock */ = {
			isa = PBXShellScriptBuildPhase;
			buildActionMask = 2147483647;
			files = (
			);
			inputPaths = (
			);
			name = "[CP] Check Pods Manifest.lock";
			outputPaths = (
			);
			runOnlyForDeploymentPostprocessing = 0;
			shellPath = /bin/sh;
			shellScript = "diff \"${PODS_ROOT}/../Podfile.lock\" \"${PODS_ROOT}/Manifest.lock\" > /dev/null\nif [[ $? != 0 ]] ; then\n    cat << EOM\nerror: The sandbox is not in sync with the Podfile.lock. Run 'pod install' or update your CocoaPods installation.\nEOM\n    exit 1\nfi\n";
			showEnvVarsInLog = 0;
		};
		8344C2DD2C49FD3CC443F6E7 /* [CP] Copy Pods Resources */ = {
			isa = PBXShellScriptBuildPhase;
			buildActionMask = 2147483647;
			files = (
			);
			inputPaths = (
			);
			name = "[CP] Copy Pods Resources";
			outputPaths = (
			);
			runOnlyForDeploymentPostprocessing = 0;
			shellPath = /bin/sh;
			shellScript = "\"${SRCROOT}/Pods/Target Support Files/Pods-HitchARide/Pods-HitchARide-resources.sh\"\n";
			showEnvVarsInLog = 0;
		};
		A630A1A83B79AC7EA9ACD1AB /* [CP] Check Pods Manifest.lock */ = {
			isa = PBXShellScriptBuildPhase;
			buildActionMask = 2147483647;
			files = (
			);
			inputPaths = (
			);
			name = "[CP] Check Pods Manifest.lock";
			outputPaths = (
			);
			runOnlyForDeploymentPostprocessing = 0;
			shellPath = /bin/sh;
			shellScript = "diff \"${PODS_ROOT}/../Podfile.lock\" \"${PODS_ROOT}/Manifest.lock\" > /dev/null\nif [[ $? != 0 ]] ; then\n    cat << EOM\nerror: The sandbox is not in sync with the Podfile.lock. Run 'pod install' or update your CocoaPods installation.\nEOM\n    exit 1\nfi\n";
			showEnvVarsInLog = 0;
		};
		B32879C109CC2D51DD562531 /* [CP] Copy Pods Resources */ = {
			isa = PBXShellScriptBuildPhase;
			buildActionMask = 2147483647;
			files = (
			);
			inputPaths = (
			);
			name = "[CP] Copy Pods Resources";
			outputPaths = (
			);
			runOnlyForDeploymentPostprocessing = 0;
			shellPath = /bin/sh;
			shellScript = "\"${SRCROOT}/Pods/Target Support Files/Pods-HitchARideUITests/Pods-HitchARideUITests-resources.sh\"\n";
			showEnvVarsInLog = 0;
		};
		FEEC2993CF5EF25DB007C3A2 /* [CP] Embed Pods Frameworks */ = {
			isa = PBXShellScriptBuildPhase;
			buildActionMask = 2147483647;
			files = (
			);
			inputPaths = (
			);
			name = "[CP] Embed Pods Frameworks";
			outputPaths = (
			);
			runOnlyForDeploymentPostprocessing = 0;
			shellPath = /bin/sh;
			shellScript = "\"${SRCROOT}/Pods/Target Support Files/Pods-HitchARide/Pods-HitchARide-frameworks.sh\"\n";
			showEnvVarsInLog = 0;
		};
/* End PBXShellScriptBuildPhase section */

/* Begin PBXSourcesBuildPhase section */
		5899A12F1EED0D07003D42E6 /* Sources */ = {
			isa = PBXSourcesBuildPhase;
			buildActionMask = 2147483647;
			files = (
				581834651F1B26EF0018364D /* RoundedShadowButton.swift in Sources */,
				581834631F1B203B0018364D /* CircleButtonView.swift in Sources */,
				5816B5F11F1816E100C36B1F /* RoundedImageView.swift in Sources */,
				5899A1391EED0D07003D42E6 /* ViewController.swift in Sources */,
				581834611F1B1E630018364D /* RoundedShadowView.swift in Sources */,
				5899A1371EED0D07003D42E6 /* AppDelegate.swift in Sources */,
				58A119691F1312C400D20D7A /* GradientView.swift in Sources */,
			);
			runOnlyForDeploymentPostprocessing = 0;
		};
		5899A1431EED0D07003D42E6 /* Sources */ = {
			isa = PBXSourcesBuildPhase;
			buildActionMask = 2147483647;
			files = (
				5899A14C1EED0D07003D42E6 /* HitchARideTests.swift in Sources */,
			);
			runOnlyForDeploymentPostprocessing = 0;
		};
		5899A14E1EED0D07003D42E6 /* Sources */ = {
			isa = PBXSourcesBuildPhase;
			buildActionMask = 2147483647;
			files = (
				5899A1571EED0D07003D42E6 /* HitchARideUITests.swift in Sources */,
			);
			runOnlyForDeploymentPostprocessing = 0;
		};
/* End PBXSourcesBuildPhase section */

/* Begin PBXTargetDependency section */
		5899A1491EED0D07003D42E6 /* PBXTargetDependency */ = {
			isa = PBXTargetDependency;
			target = 5899A1321EED0D07003D42E6 /* HitchARide */;
			targetProxy = 5899A1481EED0D07003D42E6 /* PBXContainerItemProxy */;
		};
		5899A1541EED0D07003D42E6 /* PBXTargetDependency */ = {
			isa = PBXTargetDependency;
			target = 5899A1321EED0D07003D42E6 /* HitchARide */;
			targetProxy = 5899A1531EED0D07003D42E6 /* PBXContainerItemProxy */;
		};
/* End PBXTargetDependency section */

/* Begin PBXVariantGroup section */
		5899A13A1EED0D07003D42E6 /* Main.storyboard */ = {
			isa = PBXVariantGroup;
			children = (
				5899A13B1EED0D07003D42E6 /* Base */,
			);
			name = Main.storyboard;
			sourceTree = "<group>";
		};
		5899A13F1EED0D07003D42E6 /* LaunchScreen.storyboard */ = {
			isa = PBXVariantGroup;
			children = (
				5899A1401EED0D07003D42E6 /* Base */,
			);
			name = LaunchScreen.storyboard;
			sourceTree = "<group>";
		};
/* End PBXVariantGroup section */

/* Begin XCBuildConfiguration section */
		5899A1591EED0D07003D42E6 /* Debug */ = {
			isa = XCBuildConfiguration;
			buildSettings = {
				ALWAYS_SEARCH_USER_PATHS = NO;
				CLANG_ANALYZER_NONNULL = YES;
				CLANG_ANALYZER_NUMBER_OBJECT_CONVERSION = YES_AGGRESSIVE;
				CLANG_CXX_LANGUAGE_STANDARD = "gnu++0x";
				CLANG_CXX_LIBRARY = "libc++";
				CLANG_ENABLE_MODULES = YES;
				CLANG_ENABLE_OBJC_ARC = YES;
				CLANG_WARN_BOOL_CONVERSION = YES;
				CLANG_WARN_CONSTANT_CONVERSION = YES;
				CLANG_WARN_DIRECT_OBJC_ISA_USAGE = YES_ERROR;
				CLANG_WARN_DOCUMENTATION_COMMENTS = YES;
				CLANG_WARN_EMPTY_BODY = YES;
				CLANG_WARN_ENUM_CONVERSION = YES;
				CLANG_WARN_INFINITE_RECURSION = YES;
				CLANG_WARN_INT_CONVERSION = YES;
				CLANG_WARN_OBJC_ROOT_CLASS = YES_ERROR;
				CLANG_WARN_SUSPICIOUS_MOVE = YES;
				CLANG_WARN_UNREACHABLE_CODE = YES;
				CLANG_WARN__DUPLICATE_METHOD_MATCH = YES;
				"CODE_SIGN_IDENTITY[sdk=iphoneos*]" = "iPhone Developer";
				COPY_PHASE_STRIP = NO;
				DEBUG_INFORMATION_FORMAT = dwarf;
				ENABLE_STRICT_OBJC_MSGSEND = YES;
				ENABLE_TESTABILITY = YES;
				GCC_C_LANGUAGE_STANDARD = gnu99;
				GCC_DYNAMIC_NO_PIC = NO;
				GCC_NO_COMMON_BLOCKS = YES;
				GCC_OPTIMIZATION_LEVEL = 0;
				GCC_PREPROCESSOR_DEFINITIONS = (
					"DEBUG=1",
					"$(inherited)",
				);
				GCC_WARN_64_TO_32_BIT_CONVERSION = YES;
				GCC_WARN_ABOUT_RETURN_TYPE = YES_ERROR;
				GCC_WARN_UNDECLARED_SELECTOR = YES;
				GCC_WARN_UNINITIALIZED_AUTOS = YES_AGGRESSIVE;
				GCC_WARN_UNUSED_FUNCTION = YES;
				GCC_WARN_UNUSED_VARIABLE = YES;
				IPHONEOS_DEPLOYMENT_TARGET = 10.3;
				MTL_ENABLE_DEBUG_INFO = YES;
				ONLY_ACTIVE_ARCH = YES;
				SDKROOT = iphoneos;
				SWIFT_ACTIVE_COMPILATION_CONDITIONS = DEBUG;
				SWIFT_OPTIMIZATION_LEVEL = "-Onone";
				TARGETED_DEVICE_FAMILY = "1,2";
			};
			name = Debug;
		};
		5899A15A1EED0D07003D42E6 /* Release */ = {
			isa = XCBuildConfiguration;
			buildSettings = {
				ALWAYS_SEARCH_USER_PATHS = NO;
				CLANG_ANALYZER_NONNULL = YES;
				CLANG_ANALYZER_NUMBER_OBJECT_CONVERSION = YES_AGGRESSIVE;
				CLANG_CXX_LANGUAGE_STANDARD = "gnu++0x";
				CLANG_CXX_LIBRARY = "libc++";
				CLANG_ENABLE_MODULES = YES;
				CLANG_ENABLE_OBJC_ARC = YES;
				CLANG_WARN_BOOL_CONVERSION = YES;
				CLANG_WARN_CONSTANT_CONVERSION = YES;
				CLANG_WARN_DIRECT_OBJC_ISA_USAGE = YES_ERROR;
				CLANG_WARN_DOCUMENTATION_COMMENTS = YES;
				CLANG_WARN_EMPTY_BODY = YES;
				CLANG_WARN_ENUM_CONVERSION = YES;
				CLANG_WARN_INFINITE_RECURSION = YES;
				CLANG_WARN_INT_CONVERSION = YES;
				CLANG_WARN_OBJC_ROOT_CLASS = YES_ERROR;
				CLANG_WARN_SUSPICIOUS_MOVE = YES;
				CLANG_WARN_UNREACHABLE_CODE = YES;
				CLANG_WARN__DUPLICATE_METHOD_MATCH = YES;
				"CODE_SIGN_IDENTITY[sdk=iphoneos*]" = "iPhone Developer";
				COPY_PHASE_STRIP = NO;
				DEBUG_INFORMATION_FORMAT = "dwarf-with-dsym";
				ENABLE_NS_ASSERTIONS = NO;
				ENABLE_STRICT_OBJC_MSGSEND = YES;
				GCC_C_LANGUAGE_STANDARD = gnu99;
				GCC_NO_COMMON_BLOCKS = YES;
				GCC_WARN_64_TO_32_BIT_CONVERSION = YES;
				GCC_WARN_ABOUT_RETURN_TYPE = YES_ERROR;
				GCC_WARN_UNDECLARED_SELECTOR = YES;
				GCC_WARN_UNINITIALIZED_AUTOS = YES_AGGRESSIVE;
				GCC_WARN_UNUSED_FUNCTION = YES;
				GCC_WARN_UNUSED_VARIABLE = YES;
				IPHONEOS_DEPLOYMENT_TARGET = 10.3;
				MTL_ENABLE_DEBUG_INFO = NO;
				SDKROOT = iphoneos;
				SWIFT_OPTIMIZATION_LEVEL = "-Owholemodule";
				TARGETED_DEVICE_FAMILY = "1,2";
				VALIDATE_PRODUCT = YES;
			};
			name = Release;
		};
		5899A15C1EED0D07003D42E6 /* Debug */ = {
			isa = XCBuildConfiguration;
			baseConfigurationReference = 1EAAA6B75DC00F3ECE579587 /* Pods-HitchARide.debug.xcconfig */;
			buildSettings = {
				ALWAYS_EMBED_SWIFT_STANDARD_LIBRARIES = YES;
				ASSETCATALOG_COMPILER_APPICON_NAME = AppIcon;
				DEVELOPMENT_TEAM = 5VMLLR4272;
				INFOPLIST_FILE = HitchARide/Info.plist;
				LD_RUNPATH_SEARCH_PATHS = "$(inherited) @executable_path/Frameworks";
				PRODUCT_BUNDLE_IDENTIFIER = com.Mick.HitchARide;
				PRODUCT_NAME = "$(TARGET_NAME)";
				SWIFT_VERSION = 3.0;
			};
			name = Debug;
		};
		5899A15D1EED0D07003D42E6 /* Release */ = {
			isa = XCBuildConfiguration;
			baseConfigurationReference = 5864065239B5D4E44D6D0BC6 /* Pods-HitchARide.release.xcconfig */;
			buildSettings = {
				ALWAYS_EMBED_SWIFT_STANDARD_LIBRARIES = YES;
				ASSETCATALOG_COMPILER_APPICON_NAME = AppIcon;
				DEVELOPMENT_TEAM = 5VMLLR4272;
				INFOPLIST_FILE = HitchARide/Info.plist;
				LD_RUNPATH_SEARCH_PATHS = "$(inherited) @executable_path/Frameworks";
				PRODUCT_BUNDLE_IDENTIFIER = com.Mick.HitchARide;
				PRODUCT_NAME = "$(TARGET_NAME)";
				SWIFT_VERSION = 3.0;
			};
			name = Release;
		};
		5899A15F1EED0D07003D42E6 /* Debug */ = {
			isa = XCBuildConfiguration;
			baseConfigurationReference = 9D0BBA9EFD858FB12A024553 /* Pods-HitchARideTests.debug.xcconfig */;
			buildSettings = {
				ALWAYS_EMBED_SWIFT_STANDARD_LIBRARIES = YES;
				BUNDLE_LOADER = "$(TEST_HOST)";
				DEVELOPMENT_TEAM = 5VMLLR4272;
				INFOPLIST_FILE = HitchARideTests/Info.plist;
				LD_RUNPATH_SEARCH_PATHS = "$(inherited) @executable_path/Frameworks @loader_path/Frameworks";
				PRODUCT_BUNDLE_IDENTIFIER = com.Mick.HitchARideTests;
				PRODUCT_NAME = "$(TARGET_NAME)";
				SWIFT_VERSION = 3.0;
				TEST_HOST = "$(BUILT_PRODUCTS_DIR)/HitchARide.app/HitchARide";
			};
			name = Debug;
		};
		5899A1601EED0D07003D42E6 /* Release */ = {
			isa = XCBuildConfiguration;
			baseConfigurationReference = 3975739610D22F84068A6B92 /* Pods-HitchARideTests.release.xcconfig */;
			buildSettings = {
				ALWAYS_EMBED_SWIFT_STANDARD_LIBRARIES = YES;
				BUNDLE_LOADER = "$(TEST_HOST)";
				DEVELOPMENT_TEAM = 5VMLLR4272;
				INFOPLIST_FILE = HitchARideTests/Info.plist;
				LD_RUNPATH_SEARCH_PATHS = "$(inherited) @executable_path/Frameworks @loader_path/Frameworks";
				PRODUCT_BUNDLE_IDENTIFIER = com.Mick.HitchARideTests;
				PRODUCT_NAME = "$(TARGET_NAME)";
				SWIFT_VERSION = 3.0;
				TEST_HOST = "$(BUILT_PRODUCTS_DIR)/HitchARide.app/HitchARide";
			};
			name = Release;
		};
		5899A1621EED0D07003D42E6 /* Debug */ = {
			isa = XCBuildConfiguration;
			baseConfigurationReference = FCE25DEB0394056C17B0511C /* Pods-HitchARideUITests.debug.xcconfig */;
			buildSettings = {
				ALWAYS_EMBED_SWIFT_STANDARD_LIBRARIES = YES;
				DEVELOPMENT_TEAM = 5VMLLR4272;
				INFOPLIST_FILE = HitchARideUITests/Info.plist;
				LD_RUNPATH_SEARCH_PATHS = "$(inherited) @executable_path/Frameworks @loader_path/Frameworks";
				PRODUCT_BUNDLE_IDENTIFIER = com.Mick.HitchARideUITests;
				PRODUCT_NAME = "$(TARGET_NAME)";
				SWIFT_VERSION = 3.0;
				TEST_TARGET_NAME = HitchARide;
			};
			name = Debug;
		};
		5899A1631EED0D07003D42E6 /* Release */ = {
			isa = XCBuildConfiguration;
			baseConfigurationReference = 8C00C938188CDD9EED090FEE /* Pods-HitchARideUITests.release.xcconfig */;
			buildSettings = {
				ALWAYS_EMBED_SWIFT_STANDARD_LIBRARIES = YES;
				DEVELOPMENT_TEAM = 5VMLLR4272;
				INFOPLIST_FILE = HitchARideUITests/Info.plist;
				LD_RUNPATH_SEARCH_PATHS = "$(inherited) @executable_path/Frameworks @loader_path/Frameworks";
				PRODUCT_BUNDLE_IDENTIFIER = com.Mick.HitchARideUITests;
				PRODUCT_NAME = "$(TARGET_NAME)";
				SWIFT_VERSION = 3.0;
				TEST_TARGET_NAME = HitchARide;
			};
			name = Release;
		};
/* End XCBuildConfiguration section */

/* Begin XCConfigurationList section */
		5899A12E1EED0D07003D42E6 /* Build configuration list for PBXProject "HitchARide" */ = {
			isa = XCConfigurationList;
			buildConfigurations = (
				5899A1591EED0D07003D42E6 /* Debug */,
				5899A15A1EED0D07003D42E6 /* Release */,
			);
			defaultConfigurationIsVisible = 0;
			defaultConfigurationName = Release;
		};
		5899A15B1EED0D07003D42E6 /* Build configuration list for PBXNativeTarget "HitchARide" */ = {
			isa = XCConfigurationList;
			buildConfigurations = (
				5899A15C1EED0D07003D42E6 /* Debug */,
				5899A15D1EED0D07003D42E6 /* Release */,
			);
			defaultConfigurationIsVisible = 0;
			defaultConfigurationName = Release;
		};
		5899A15E1EED0D07003D42E6 /* Build configuration list for PBXNativeTarget "HitchARideTests" */ = {
			isa = XCConfigurationList;
			buildConfigurations = (
				5899A15F1EED0D07003D42E6 /* Debug */,
				5899A1601EED0D07003D42E6 /* Release */,
			);
			defaultConfigurationIsVisible = 0;
			defaultConfigurationName = Release;
		};
		5899A1611EED0D07003D42E6 /* Build configuration list for PBXNativeTarget "HitchARideUITests" */ = {
			isa = XCConfigurationList;
			buildConfigurations = (
				5899A1621EED0D07003D42E6 /* Debug */,
				5899A1631EED0D07003D42E6 /* Release */,
			);
			defaultConfigurationIsVisible = 0;
			defaultConfigurationName = Release;
		};
/* End XCConfigurationList section */
	};
	rootObject = 5899A12B1EED0D07003D42E6 /* Project object */;
}
